
Microsoft Visual Studio Solution File, Format Version 12.00
# Visual Studio 15
VisualStudioVersion = 15.0.28010.2048
MinimumVisualStudioVersion = 10.0.40219.1
Project("{FAE04EC0-301F-11D3-BF4B-00C04F79EFBC}") = "Factorial", "Factorial\Factorial.csproj", "{FD6CEE3B-97AD-4246-A147-653CD7E6F0D9}"
EndProject
Global
	GlobalSection(SolutionConfigurationPlatforms) = preSolution
		Debug|Any CPU = Debug|Any CPU
		Release|Any CPU = Release|Any CPU
	EndGlobalSection
	GlobalSection(ProjectConfigurationPlatforms) = postSolution
		{FD6CEE3B-97AD-4246-A147-653CD7E6F0D9}.Debug|Any CPU.ActiveCfg = Debug|Any CPU
		{FD6CEE3B-97AD-4246-A147-653CD7E6F0D9}.Debug|Any CPU.Build.0 = Debug|Any CPU
		{FD6CEE3B-97AD-4246-A147-653CD7E6F0D9}.Release|Any CPU.ActiveCfg = Release|Any CPU
		{FD6CEE3B-97AD-4246-A147-653CD7E6F0D9}.Release|Any CPU.Build.0 = Release|Any CPU
	EndGlobalSection
	GlobalSection(SolutionProperties) = preSolution
		HideSolutionNode = FALSE
	EndGlobalSection
	GlobalSection(ExtensibilityGlobals) = postSolution
		SolutionGuid = {49E24DD8-4EBA-4107-864D-7CC6E93B319F}
	EndGlobalSection
EndGlobal
